// !$*UTF8*$!
{
	archiveVersion = 1;
	classes = {
	};
	objectVersion = 48;
	objects = {

/* Begin PBXBuildFile section */
		11062BFD1EF822B500E78D9D /* CreateViewController.swift in Sources */ = {isa = PBXBuildFile; fileRef = 11062BFC1EF822B500E78D9D /* CreateViewController.swift */; };
		114ABE521F0970F400F3395B /* SpotInfoViewController.swift in Sources */ = {isa = PBXBuildFile; fileRef = 114ABE511F0970F400F3395B /* SpotInfoViewController.swift */; };
		1152A0901EFD69C10005F28A /* PriceStepper.swift in Sources */ = {isa = PBXBuildFile; fileRef = 1152A08F1EFD69C00005F28A /* PriceStepper.swift */; };
		115A32361F0689CB003B1A78 /* TravelInfoViewController.swift in Sources */ = {isa = PBXBuildFile; fileRef = 115A32351F0689CB003B1A78 /* TravelInfoViewController.swift */; };
		116810E91EF9898800561DE5 /* GoogleMapsBase.framework in Frameworks */ = {isa = PBXBuildFile; fileRef = 116810E41EF9898800561DE5 /* GoogleMapsBase.framework */; };
		116810EA1EF9898800561DE5 /* GoogleMaps.framework in Frameworks */ = {isa = PBXBuildFile; fileRef = 116810E51EF9898800561DE5 /* GoogleMaps.framework */; };
		116810EB1EF9898800561DE5 /* GoogleMapsCore.framework in Frameworks */ = {isa = PBXBuildFile; fileRef = 116810E61EF9898800561DE5 /* GoogleMapsCore.framework */; };
		116810EC1EF9898800561DE5 /* GooglePlaces.framework in Frameworks */ = {isa = PBXBuildFile; fileRef = 116810E71EF9898800561DE5 /* GooglePlaces.framework */; };
		116810ED1EF9898800561DE5 /* GooglePlacePicker.framework in Frameworks */ = {isa = PBXBuildFile; fileRef = 116810E81EF9898800561DE5 /* GooglePlacePicker.framework */; };
		116810EF1EF989CF00561DE5 /* GooglePlaces.bundle in Resources */ = {isa = PBXBuildFile; fileRef = 116810EE1EF989CF00561DE5 /* GooglePlaces.bundle */; };
		116810F11EF98A0500561DE5 /* GoogleMaps.bundle in Resources */ = {isa = PBXBuildFile; fileRef = 116810F01EF98A0500561DE5 /* GoogleMaps.bundle */; };
		116810F31EF98A1800561DE5 /* GooglePlacePicker.bundle in Resources */ = {isa = PBXBuildFile; fileRef = 116810F21EF98A1800561DE5 /* GooglePlacePicker.bundle */; };
		116811021EF98AAD00561DE5 /* Accelerate.framework in Frameworks */ = {isa = PBXBuildFile; fileRef = 116810F51EF98AAD00561DE5 /* Accelerate.framework */; };
		116811031EF98AAD00561DE5 /* CoreData.framework in Frameworks */ = {isa = PBXBuildFile; fileRef = 116810F61EF98AAD00561DE5 /* CoreData.framework */; };
		116811041EF98AAD00561DE5 /* CoreGraphics.framework in Frameworks */ = {isa = PBXBuildFile; fileRef = 116810F71EF98AAD00561DE5 /* CoreGraphics.framework */; };
		116811051EF98AAD00561DE5 /* CoreLocation.framework in Frameworks */ = {isa = PBXBuildFile; fileRef = 116810F81EF98AAD00561DE5 /* CoreLocation.framework */; };
		116811061EF98AAD00561DE5 /* CoreText.framework in Frameworks */ = {isa = PBXBuildFile; fileRef = 116810F91EF98AAD00561DE5 /* CoreText.framework */; };
		116811071EF98AAD00561DE5 /* GLKit.framework in Frameworks */ = {isa = PBXBuildFile; fileRef = 116810FA1EF98AAD00561DE5 /* GLKit.framework */; };
		116811081EF98AAD00561DE5 /* ImageIO.framework in Frameworks */ = {isa = PBXBuildFile; fileRef = 116810FB1EF98AAD00561DE5 /* ImageIO.framework */; };
		116811091EF98AAD00561DE5 /* libc++.tbd in Frameworks */ = {isa = PBXBuildFile; fileRef = 116810FC1EF98AAD00561DE5 /* libc++.tbd */; };
		1168110A1EF98AAD00561DE5 /* libz.tbd in Frameworks */ = {isa = PBXBuildFile; fileRef = 116810FD1EF98AAD00561DE5 /* libz.tbd */; };
		1168110B1EF98AAD00561DE5 /* OpenGLES.framework in Frameworks */ = {isa = PBXBuildFile; fileRef = 116810FE1EF98AAD00561DE5 /* OpenGLES.framework */; };
		1168110C1EF98AAD00561DE5 /* QuartzCore.framework in Frameworks */ = {isa = PBXBuildFile; fileRef = 116810FF1EF98AAD00561DE5 /* QuartzCore.framework */; };
		1168110D1EF98AAD00561DE5 /* SystemConfiguration.framework in Frameworks */ = {isa = PBXBuildFile; fileRef = 116811001EF98AAD00561DE5 /* SystemConfiguration.framework */; };
		1168110E1EF98AAD00561DE5 /* UIKit.framework in Frameworks */ = {isa = PBXBuildFile; fileRef = 116811011EF98AAD00561DE5 /* UIKit.framework */; };
		116811151EF98E6200561DE5 /* AddressInfo.swift in Sources */ = {isa = PBXBuildFile; fileRef = 1168110F1EF98E6200561DE5 /* AddressInfo.swift */; };
		116811161EF98E6200561DE5 /* CarInfo.swift in Sources */ = {isa = PBXBuildFile; fileRef = 116811101EF98E6200561DE5 /* CarInfo.swift */; };
		116811171EF98E6200561DE5 /* SpotInfo.swift in Sources */ = {isa = PBXBuildFile; fileRef = 116811111EF98E6200561DE5 /* SpotInfo.swift */; };
		116811181EF98E6200561DE5 /* SpotInfoTable.swift in Sources */ = {isa = PBXBuildFile; fileRef = 116811121EF98E6200561DE5 /* SpotInfoTable.swift */; };
		116811191EF98E6200561DE5 /* TravelInfo.swift in Sources */ = {isa = PBXBuildFile; fileRef = 116811131EF98E6200561DE5 /* TravelInfo.swift */; };
		1168111A1EF98E6200561DE5 /* User.swift in Sources */ = {isa = PBXBuildFile; fileRef = 116811141EF98E6200561DE5 /* User.swift */; };
		117801681F05151C00B44D63 /* GMUGridBasedClusterAlgorithm.m in Sources */ = {isa = PBXBuildFile; fileRef = 1178012D1F05151C00B44D63 /* GMUGridBasedClusterAlgorithm.m */; };
		117801691F05151C00B44D63 /* GMUNonHierarchicalDistanceBasedAlgorithm.m in Sources */ = {isa = PBXBuildFile; fileRef = 1178012F1F05151C00B44D63 /* GMUNonHierarchicalDistanceBasedAlgorithm.m */; };
		1178016A1F05151C00B44D63 /* GMUSimpleClusterAlgorithm.m in Sources */ = {isa = PBXBuildFile; fileRef = 117801311F05151C00B44D63 /* GMUSimpleClusterAlgorithm.m */; };
		1178016B1F05151C00B44D63 /* GMUWrappingDictionaryKey.m in Sources */ = {isa = PBXBuildFile; fileRef = 117801331F05151C00B44D63 /* GMUWrappingDictionaryKey.m */; };
		1178016C1F05151C00B44D63 /* GMUClusterManager.m in Sources */ = {isa = PBXBuildFile; fileRef = 117801381F05151C00B44D63 /* GMUClusterManager.m */; };
		1178016D1F05151C00B44D63 /* GMUStaticCluster.m in Sources */ = {isa = PBXBuildFile; fileRef = 1178013B1F05151C00B44D63 /* GMUStaticCluster.m */; };
		1178016E1F05151C00B44D63 /* GMUDefaultClusterIconGenerator.m in Sources */ = {isa = PBXBuildFile; fileRef = 117801411F05151C00B44D63 /* GMUDefaultClusterIconGenerator.m */; };
		1178016F1F05151C00B44D63 /* GMUDefaultClusterRenderer.m in Sources */ = {isa = PBXBuildFile; fileRef = 117801441F05151C00B44D63 /* GMUDefaultClusterRenderer.m */; };
		117801701F05151C00B44D63 /* GMUGeoJSONParser.m in Sources */ = {isa = PBXBuildFile; fileRef = 117801471F05151C00B44D63 /* GMUGeoJSONParser.m */; };
		117801711F05151C00B44D63 /* GMUGeometryRenderer.m in Sources */ = {isa = PBXBuildFile; fileRef = 1178014A1F05151C00B44D63 /* GMUGeometryRenderer.m */; };
		117801721F05151C00B44D63 /* GMUKMLParser.m in Sources */ = {isa = PBXBuildFile; fileRef = 1178014C1F05151C00B44D63 /* GMUKMLParser.m */; };
		117801731F05151C00B44D63 /* GMUFeature.m in Sources */ = {isa = PBXBuildFile; fileRef = 1178014F1F05151C00B44D63 /* GMUFeature.m */; };
		117801741F05151C00B44D63 /* GMUGeometryCollection.m in Sources */ = {isa = PBXBuildFile; fileRef = 117801521F05151C00B44D63 /* GMUGeometryCollection.m */; };
		117801751F05151C00B44D63 /* GMUGroundOverlay.m in Sources */ = {isa = PBXBuildFile; fileRef = 117801551F05151C00B44D63 /* GMUGroundOverlay.m */; };
		117801761F05151C00B44D63 /* GMULineString.m in Sources */ = {isa = PBXBuildFile; fileRef = 117801571F05151C00B44D63 /* GMULineString.m */; };
		117801771F05151C00B44D63 /* GMUPlacemark.m in Sources */ = {isa = PBXBuildFile; fileRef = 117801591F05151C00B44D63 /* GMUPlacemark.m */; };
		117801781F05151C00B44D63 /* GMUPoint.m in Sources */ = {isa = PBXBuildFile; fileRef = 1178015B1F05151C00B44D63 /* GMUPoint.m */; };
		117801791F05151C00B44D63 /* GMUPolygon.m in Sources */ = {isa = PBXBuildFile; fileRef = 1178015D1F05151C00B44D63 /* GMUPolygon.m */; };
		1178017A1F05151C00B44D63 /* GMUStyle.m in Sources */ = {isa = PBXBuildFile; fileRef = 1178015F1F05151C00B44D63 /* GMUStyle.m */; };
		1178017B1F05151C00B44D63 /* GQTPointQuadTree.m in Sources */ = {isa = PBXBuildFile; fileRef = 117801641F05151C00B44D63 /* GQTPointQuadTree.m */; };
		1178017C1F05151C00B44D63 /* GQTPointQuadTreeChild.m in Sources */ = {isa = PBXBuildFile; fileRef = 117801661F05151C00B44D63 /* GQTPointQuadTreeChild.m */; };
		1178017F1F0555FF00B44D63 /* RawProvinceDict.swift in Sources */ = {isa = PBXBuildFile; fileRef = 1178017E1F0555FF00B44D63 /* RawProvinceDict.swift */; };
		117801811F055CA900B44D63 /* RegionSpotDict.swift in Sources */ = {isa = PBXBuildFile; fileRef = 117801801F055CA900B44D63 /* RegionSpotDict.swift */; };
		117820641F01749900F034D1 /* HomeViewController.swift in Sources */ = {isa = PBXBuildFile; fileRef = 117820631F01749900F034D1 /* HomeViewController.swift */; };
		117820661F01787C00F034D1 /* SpotViewController.swift in Sources */ = {isa = PBXBuildFile; fileRef = 117820651F01787C00F034D1 /* SpotViewController.swift */; };
		119222621F0A874D0097D844 /* FirebaseAnalytics.framework in Frameworks */ = {isa = PBXBuildFile; fileRef = 1192225C1F0A874D0097D844 /* FirebaseAnalytics.framework */; };
		119222631F0A874D0097D844 /* FirebaseCore.framework in Frameworks */ = {isa = PBXBuildFile; fileRef = 1192225D1F0A874D0097D844 /* FirebaseCore.framework */; };
		119222641F0A874D0097D844 /* FirebaseCoreDiagnostics.framework in Frameworks */ = {isa = PBXBuildFile; fileRef = 1192225E1F0A874D0097D844 /* FirebaseCoreDiagnostics.framework */; };
		119222651F0A874D0097D844 /* FirebaseInstanceID.framework in Frameworks */ = {isa = PBXBuildFile; fileRef = 1192225F1F0A874D0097D844 /* FirebaseInstanceID.framework */; };
		119222661F0A874D0097D844 /* FirebaseNanoPB.framework in Frameworks */ = {isa = PBXBuildFile; fileRef = 119222601F0A874D0097D844 /* FirebaseNanoPB.framework */; };
		119222671F0A874D0097D844 /* GoogleToolboxForMac.framework in Frameworks */ = {isa = PBXBuildFile; fileRef = 119222611F0A874D0097D844 /* GoogleToolboxForMac.framework */; };
		1192226A1F0A87A20097D844 /* FirebaseAuth.framework in Frameworks */ = {isa = PBXBuildFile; fileRef = 119222681F0A87A20097D844 /* FirebaseAuth.framework */; };
		1192226B1F0A87A20097D844 /* GTMSessionFetcher.framework in Frameworks */ = {isa = PBXBuildFile; fileRef = 119222691F0A87A20097D844 /* GTMSessionFetcher.framework */; };
		119222721F0A8D460097D844 /* FBSDKLoginKit.framework in Frameworks */ = {isa = PBXBuildFile; fileRef = 1192226E1F0A8D460097D844 /* FBSDKLoginKit.framework */; };
		119222731F0A8D460097D844 /* FBSDKShareKit.framework in Frameworks */ = {isa = PBXBuildFile; fileRef = 1192226F1F0A8D460097D844 /* FBSDKShareKit.framework */; };
		119222741F0A8D460097D844 /* Bolts.framework in Frameworks */ = {isa = PBXBuildFile; fileRef = 119222701F0A8D460097D844 /* Bolts.framework */; };
		119222751F0A8D460097D844 /* FBSDKCoreKit.framework in Frameworks */ = {isa = PBXBuildFile; fileRef = 119222711F0A8D460097D844 /* FBSDKCoreKit.framework */; };
		119222771F0A96990097D844 /* LoginViewController.swift in Sources */ = {isa = PBXBuildFile; fileRef = 119222761F0A96990097D844 /* LoginViewController.swift */; };
		119222791F0AA0220097D844 /* GoogleService-Info.plist in Resources */ = {isa = PBXBuildFile; fileRef = 119222781F0AA0220097D844 /* GoogleService-Info.plist */; };
		11DA292E1EF5456F00C4D54D /* AppDelegate.swift in Sources */ = {isa = PBXBuildFile; fileRef = 11DA292D1EF5456F00C4D54D /* AppDelegate.swift */; };
		11DA29331EF5456F00C4D54D /* Main.storyboard in Resources */ = {isa = PBXBuildFile; fileRef = 11DA29311EF5456F00C4D54D /* Main.storyboard */; };
		11DA29351EF5456F00C4D54D /* Assets.xcassets in Resources */ = {isa = PBXBuildFile; fileRef = 11DA29341EF5456F00C4D54D /* Assets.xcassets */; };
		11DA29381EF5456F00C4D54D /* LaunchScreen.storyboard in Resources */ = {isa = PBXBuildFile; fileRef = 11DA29361EF5456F00C4D54D /* LaunchScreen.storyboard */; };
		11DA29431EF5456F00C4D54D /* OnderoadTests.swift in Sources */ = {isa = PBXBuildFile; fileRef = 11DA29421EF5456F00C4D54D /* OnderoadTests.swift */; };
		11DA294E1EF5711300C4D54D /* MainViewController.swift in Sources */ = {isa = PBXBuildFile; fileRef = 11DA294D1EF5711300C4D54D /* MainViewController.swift */; };
		11DA29501EF5741400C4D54D /* MyTravelViewController.swift in Sources */ = {isa = PBXBuildFile; fileRef = 11DA294F1EF5741400C4D54D /* MyTravelViewController.swift */; };
		11DA29521EF577B200C4D54D /* TravelDetailTableViewCell.swift in Sources */ = {isa = PBXBuildFile; fileRef = 11DA29511EF577B200C4D54D /* TravelDetailTableViewCell.swift */; };
/* End PBXBuildFile section */

/* Begin PBXContainerItemProxy section */
		11DA293F1EF5456F00C4D54D /* PBXContainerItemProxy */ = {
			isa = PBXContainerItemProxy;
			containerPortal = 11DA29221EF5456F00C4D54D /* Project object */;
			proxyType = 1;
			remoteGlobalIDString = 11DA29291EF5456F00C4D54D;
			remoteInfo = Onderoad;
		};
/* End PBXContainerItemProxy section */

/* Begin PBXFileReference section */
		11062BFC1EF822B500E78D9D /* CreateViewController.swift */ = {isa = PBXFileReference; fileEncoding = 4; lastKnownFileType = sourcecode.swift; path = CreateViewController.swift; sourceTree = "<group>"; };
		11415E341EF9590000D24326 /* it */ = {isa = PBXFileReference; lastKnownFileType = text.plist.strings; name = it; path = it.lproj/Main.strings; sourceTree = "<group>"; };
		11415E351EF9590000D24326 /* it */ = {isa = PBXFileReference; lastKnownFileType = text.plist.strings; name = it; path = it.lproj/LaunchScreen.strings; sourceTree = "<group>"; };
		114ABE511F0970F400F3395B /* SpotInfoViewController.swift */ = {isa = PBXFileReference; fileEncoding = 4; lastKnownFileType = sourcecode.swift; path = SpotInfoViewController.swift; sourceTree = "<group>"; };
		1152A08F1EFD69C00005F28A /* PriceStepper.swift */ = {isa = PBXFileReference; fileEncoding = 4; lastKnownFileType = sourcecode.swift; path = PriceStepper.swift; sourceTree = "<group>"; };
		115A32351F0689CB003B1A78 /* TravelInfoViewController.swift */ = {isa = PBXFileReference; fileEncoding = 4; lastKnownFileType = sourcecode.swift; path = TravelInfoViewController.swift; sourceTree = "<group>"; };
		116810E41EF9898800561DE5 /* GoogleMapsBase.framework */ = {isa = PBXFileReference; lastKnownFileType = wrapper.framework; path = GoogleMapsBase.framework; sourceTree = "<group>"; };
		116810E51EF9898800561DE5 /* GoogleMaps.framework */ = {isa = PBXFileReference; lastKnownFileType = wrapper.framework; path = GoogleMaps.framework; sourceTree = "<group>"; };
		116810E61EF9898800561DE5 /* GoogleMapsCore.framework */ = {isa = PBXFileReference; lastKnownFileType = wrapper.framework; path = GoogleMapsCore.framework; sourceTree = "<group>"; };
		116810E71EF9898800561DE5 /* GooglePlaces.framework */ = {isa = PBXFileReference; lastKnownFileType = wrapper.framework; path = GooglePlaces.framework; sourceTree = "<group>"; };
		116810E81EF9898800561DE5 /* GooglePlacePicker.framework */ = {isa = PBXFileReference; lastKnownFileType = wrapper.framework; path = GooglePlacePicker.framework; sourceTree = "<group>"; };
		116810EE1EF989CF00561DE5 /* GooglePlaces.bundle */ = {isa = PBXFileReference; lastKnownFileType = "wrapper.plug-in"; name = GooglePlaces.bundle; path = GooglePlaces.framework/Versions/A/Resources/GooglePlaces.bundle; sourceTree = "<group>"; };
		116810F01EF98A0500561DE5 /* GoogleMaps.bundle */ = {isa = PBXFileReference; lastKnownFileType = "wrapper.plug-in"; name = GoogleMaps.bundle; path = GoogleMaps.framework/Versions/A/Resources/GoogleMaps.bundle; sourceTree = "<group>"; };
		116810F21EF98A1800561DE5 /* GooglePlacePicker.bundle */ = {isa = PBXFileReference; lastKnownFileType = "wrapper.plug-in"; name = GooglePlacePicker.bundle; path = GooglePlacePicker.framework/Versions/A/Resources/GooglePlacePicker.bundle; sourceTree = "<group>"; };
		116810F51EF98AAD00561DE5 /* Accelerate.framework */ = {isa = PBXFileReference; lastKnownFileType = wrapper.framework; name = Accelerate.framework; path = System/Library/Frameworks/Accelerate.framework; sourceTree = SDKROOT; };
		116810F61EF98AAD00561DE5 /* CoreData.framework */ = {isa = PBXFileReference; lastKnownFileType = wrapper.framework; name = CoreData.framework; path = System/Library/Frameworks/CoreData.framework; sourceTree = SDKROOT; };
		116810F71EF98AAD00561DE5 /* CoreGraphics.framework */ = {isa = PBXFileReference; lastKnownFileType = wrapper.framework; name = CoreGraphics.framework; path = System/Library/Frameworks/CoreGraphics.framework; sourceTree = SDKROOT; };
		116810F81EF98AAD00561DE5 /* CoreLocation.framework */ = {isa = PBXFileReference; lastKnownFileType = wrapper.framework; name = CoreLocation.framework; path = System/Library/Frameworks/CoreLocation.framework; sourceTree = SDKROOT; };
		116810F91EF98AAD00561DE5 /* CoreText.framework */ = {isa = PBXFileReference; lastKnownFileType = wrapper.framework; name = CoreText.framework; path = System/Library/Frameworks/CoreText.framework; sourceTree = SDKROOT; };
		116810FA1EF98AAD00561DE5 /* GLKit.framework */ = {isa = PBXFileReference; lastKnownFileType = wrapper.framework; name = GLKit.framework; path = System/Library/Frameworks/GLKit.framework; sourceTree = SDKROOT; };
		116810FB1EF98AAD00561DE5 /* ImageIO.framework */ = {isa = PBXFileReference; lastKnownFileType = wrapper.framework; name = ImageIO.framework; path = System/Library/Frameworks/ImageIO.framework; sourceTree = SDKROOT; };
		116810FC1EF98AAD00561DE5 /* libc++.tbd */ = {isa = PBXFileReference; lastKnownFileType = "sourcecode.text-based-dylib-definition"; name = "libc++.tbd"; path = "usr/lib/libc++.tbd"; sourceTree = SDKROOT; };
		116810FD1EF98AAD00561DE5 /* libz.tbd */ = {isa = PBXFileReference; lastKnownFileType = "sourcecode.text-based-dylib-definition"; name = libz.tbd; path = usr/lib/libz.tbd; sourceTree = SDKROOT; };
		116810FE1EF98AAD00561DE5 /* OpenGLES.framework */ = {isa = PBXFileReference; lastKnownFileType = wrapper.framework; name = OpenGLES.framework; path = System/Library/Frameworks/OpenGLES.framework; sourceTree = SDKROOT; };
		116810FF1EF98AAD00561DE5 /* QuartzCore.framework */ = {isa = PBXFileReference; lastKnownFileType = wrapper.framework; name = QuartzCore.framework; path = System/Library/Frameworks/QuartzCore.framework; sourceTree = SDKROOT; };
		116811001EF98AAD00561DE5 /* SystemConfiguration.framework */ = {isa = PBXFileReference; lastKnownFileType = wrapper.framework; name = SystemConfiguration.framework; path = System/Library/Frameworks/SystemConfiguration.framework; sourceTree = SDKROOT; };
		116811011EF98AAD00561DE5 /* UIKit.framework */ = {isa = PBXFileReference; lastKnownFileType = wrapper.framework; name = UIKit.framework; path = System/Library/Frameworks/UIKit.framework; sourceTree = SDKROOT; };
		1168110F1EF98E6200561DE5 /* AddressInfo.swift */ = {isa = PBXFileReference; fileEncoding = 4; lastKnownFileType = sourcecode.swift; path = AddressInfo.swift; sourceTree = "<group>"; };
		116811101EF98E6200561DE5 /* CarInfo.swift */ = {isa = PBXFileReference; fileEncoding = 4; lastKnownFileType = sourcecode.swift; path = CarInfo.swift; sourceTree = "<group>"; };
		116811111EF98E6200561DE5 /* SpotInfo.swift */ = {isa = PBXFileReference; fileEncoding = 4; lastKnownFileType = sourcecode.swift; path = SpotInfo.swift; sourceTree = "<group>"; };
		116811121EF98E6200561DE5 /* SpotInfoTable.swift */ = {isa = PBXFileReference; fileEncoding = 4; lastKnownFileType = sourcecode.swift; path = SpotInfoTable.swift; sourceTree = "<group>"; };
		116811131EF98E6200561DE5 /* TravelInfo.swift */ = {isa = PBXFileReference; fileEncoding = 4; lastKnownFileType = sourcecode.swift; path = TravelInfo.swift; sourceTree = "<group>"; };
		116811141EF98E6200561DE5 /* User.swift */ = {isa = PBXFileReference; fileEncoding = 4; lastKnownFileType = sourcecode.swift; path = User.swift; sourceTree = "<group>"; };
		1178012B1F05151C00B44D63 /* GMUClusterAlgorithm.h */ = {isa = PBXFileReference; fileEncoding = 4; lastKnownFileType = sourcecode.c.h; path = GMUClusterAlgorithm.h; sourceTree = "<group>"; };
		1178012C1F05151C00B44D63 /* GMUGridBasedClusterAlgorithm.h */ = {isa = PBXFileReference; fileEncoding = 4; lastKnownFileType = sourcecode.c.h; path = GMUGridBasedClusterAlgorithm.h; sourceTree = "<group>"; };
		1178012D1F05151C00B44D63 /* GMUGridBasedClusterAlgorithm.m */ = {isa = PBXFileReference; fileEncoding = 4; lastKnownFileType = sourcecode.c.objc; path = GMUGridBasedClusterAlgorithm.m; sourceTree = "<group>"; };
		1178012E1F05151C00B44D63 /* GMUNonHierarchicalDistanceBasedAlgorithm.h */ = {isa = PBXFileReference; fileEncoding = 4; lastKnownFileType = sourcecode.c.h; path = GMUNonHierarchicalDistanceBasedAlgorithm.h; sourceTree = "<group>"; };
		1178012F1F05151C00B44D63 /* GMUNonHierarchicalDistanceBasedAlgorithm.m */ = {isa = PBXFileReference; fileEncoding = 4; lastKnownFileType = sourcecode.c.objc; path = GMUNonHierarchicalDistanceBasedAlgorithm.m; sourceTree = "<group>"; };
		117801301F05151C00B44D63 /* GMUSimpleClusterAlgorithm.h */ = {isa = PBXFileReference; fileEncoding = 4; lastKnownFileType = sourcecode.c.h; path = GMUSimpleClusterAlgorithm.h; sourceTree = "<group>"; };
		117801311F05151C00B44D63 /* GMUSimpleClusterAlgorithm.m */ = {isa = PBXFileReference; fileEncoding = 4; lastKnownFileType = sourcecode.c.objc; path = GMUSimpleClusterAlgorithm.m; sourceTree = "<group>"; };
		117801321F05151C00B44D63 /* GMUWrappingDictionaryKey.h */ = {isa = PBXFileReference; fileEncoding = 4; lastKnownFileType = sourcecode.c.h; path = GMUWrappingDictionaryKey.h; sourceTree = "<group>"; };
		117801331F05151C00B44D63 /* GMUWrappingDictionaryKey.m */ = {isa = PBXFileReference; fileEncoding = 4; lastKnownFileType = sourcecode.c.objc; path = GMUWrappingDictionaryKey.m; sourceTree = "<group>"; };
		117801341F05151C00B44D63 /* GMUCluster.h */ = {isa = PBXFileReference; fileEncoding = 4; lastKnownFileType = sourcecode.c.h; path = GMUCluster.h; sourceTree = "<group>"; };
		117801351F05151C00B44D63 /* GMUClusterItem.h */ = {isa = PBXFileReference; fileEncoding = 4; lastKnownFileType = sourcecode.c.h; path = GMUClusterItem.h; sourceTree = "<group>"; };
		117801361F05151C00B44D63 /* GMUClusterManager+Testing.h */ = {isa = PBXFileReference; fileEncoding = 4; lastKnownFileType = sourcecode.c.h; path = "GMUClusterManager+Testing.h"; sourceTree = "<group>"; };
		117801371F05151C00B44D63 /* GMUClusterManager.h */ = {isa = PBXFileReference; fileEncoding = 4; lastKnownFileType = sourcecode.c.h; path = GMUClusterManager.h; sourceTree = "<group>"; };
		117801381F05151C00B44D63 /* GMUClusterManager.m */ = {isa = PBXFileReference; fileEncoding = 4; lastKnownFileType = sourcecode.c.objc; path = GMUClusterManager.m; sourceTree = "<group>"; };
		117801391F05151C00B44D63 /* GMUMarkerClustering.h */ = {isa = PBXFileReference; fileEncoding = 4; lastKnownFileType = sourcecode.c.h; path = GMUMarkerClustering.h; sourceTree = "<group>"; };
		1178013A1F05151C00B44D63 /* GMUStaticCluster.h */ = {isa = PBXFileReference; fileEncoding = 4; lastKnownFileType = sourcecode.c.h; path = GMUStaticCluster.h; sourceTree = "<group>"; };
		1178013B1F05151C00B44D63 /* GMUStaticCluster.m */ = {isa = PBXFileReference; fileEncoding = 4; lastKnownFileType = sourcecode.c.objc; path = GMUStaticCluster.m; sourceTree = "<group>"; };
		1178013D1F05151C00B44D63 /* GMUClusterIconGenerator.h */ = {isa = PBXFileReference; fileEncoding = 4; lastKnownFileType = sourcecode.c.h; path = GMUClusterIconGenerator.h; sourceTree = "<group>"; };
		1178013E1F05151C00B44D63 /* GMUClusterRenderer.h */ = {isa = PBXFileReference; fileEncoding = 4; lastKnownFileType = sourcecode.c.h; path = GMUClusterRenderer.h; sourceTree = "<group>"; };
		1178013F1F05151C00B44D63 /* GMUDefaultClusterIconGenerator+Testing.h */ = {isa = PBXFileReference; fileEncoding = 4; lastKnownFileType = sourcecode.c.h; path = "GMUDefaultClusterIconGenerator+Testing.h"; sourceTree = "<group>"; };
		117801401F05151C00B44D63 /* GMUDefaultClusterIconGenerator.h */ = {isa = PBXFileReference; fileEncoding = 4; lastKnownFileType = sourcecode.c.h; path = GMUDefaultClusterIconGenerator.h; sourceTree = "<group>"; };
		117801411F05151C00B44D63 /* GMUDefaultClusterIconGenerator.m */ = {isa = PBXFileReference; fileEncoding = 4; lastKnownFileType = sourcecode.c.objc; path = GMUDefaultClusterIconGenerator.m; sourceTree = "<group>"; };
		117801421F05151C00B44D63 /* GMUDefaultClusterRenderer+Testing.h */ = {isa = PBXFileReference; fileEncoding = 4; lastKnownFileType = sourcecode.c.h; path = "GMUDefaultClusterRenderer+Testing.h"; sourceTree = "<group>"; };
		117801431F05151C00B44D63 /* GMUDefaultClusterRenderer.h */ = {isa = PBXFileReference; fileEncoding = 4; lastKnownFileType = sourcecode.c.h; path = GMUDefaultClusterRenderer.h; sourceTree = "<group>"; };
		117801441F05151C00B44D63 /* GMUDefaultClusterRenderer.m */ = {isa = PBXFileReference; fileEncoding = 4; lastKnownFileType = sourcecode.c.objc; path = GMUDefaultClusterRenderer.m; sourceTree = "<group>"; };
		117801461F05151C00B44D63 /* GMUGeoJSONParser.h */ = {isa = PBXFileReference; fileEncoding = 4; lastKnownFileType = sourcecode.c.h; path = GMUGeoJSONParser.h; sourceTree = "<group>"; };
		117801471F05151C00B44D63 /* GMUGeoJSONParser.m */ = {isa = PBXFileReference; fileEncoding = 4; lastKnownFileType = sourcecode.c.objc; path = GMUGeoJSONParser.m; sourceTree = "<group>"; };
		117801481F05151C00B44D63 /* GMUGeometryRenderer+Testing.h */ = {isa = PBXFileReference; fileEncoding = 4; lastKnownFileType = sourcecode.c.h; path = "GMUGeometryRenderer+Testing.h"; sourceTree = "<group>"; };
		117801491F05151C00B44D63 /* GMUGeometryRenderer.h */ = {isa = PBXFileReference; fileEncoding = 4; lastKnownFileType = sourcecode.c.h; path = GMUGeometryRenderer.h; sourceTree = "<group>"; };
		1178014A1F05151C00B44D63 /* GMUGeometryRenderer.m */ = {isa = PBXFileReference; fileEncoding = 4; lastKnownFileType = sourcecode.c.objc; path = GMUGeometryRenderer.m; sourceTree = "<group>"; };
		1178014B1F05151C00B44D63 /* GMUKMLParser.h */ = {isa = PBXFileReference; fileEncoding = 4; lastKnownFileType = sourcecode.c.h; path = GMUKMLParser.h; sourceTree = "<group>"; };
		1178014C1F05151C00B44D63 /* GMUKMLParser.m */ = {isa = PBXFileReference; fileEncoding = 4; lastKnownFileType = sourcecode.c.objc; path = GMUKMLParser.m; sourceTree = "<group>"; };
		1178014E1F05151C00B44D63 /* GMUFeature.h */ = {isa = PBXFileReference; fileEncoding = 4; lastKnownFileType = sourcecode.c.h; path = GMUFeature.h; sourceTree = "<group>"; };
		1178014F1F05151C00B44D63 /* GMUFeature.m */ = {isa = PBXFileReference; fileEncoding = 4; lastKnownFileType = sourcecode.c.objc; path = GMUFeature.m; sourceTree = "<group>"; };
		117801501F05151C00B44D63 /* GMUGeometry.h */ = {isa = PBXFileReference; fileEncoding = 4; lastKnownFileType = sourcecode.c.h; path = GMUGeometry.h; sourceTree = "<group>"; };
		117801511F05151C00B44D63 /* GMUGeometryCollection.h */ = {isa = PBXFileReference; fileEncoding = 4; lastKnownFileType = sourcecode.c.h; path = GMUGeometryCollection.h; sourceTree = "<group>"; };
		117801521F05151C00B44D63 /* GMUGeometryCollection.m */ = {isa = PBXFileReference; fileEncoding = 4; lastKnownFileType = sourcecode.c.objc; path = GMUGeometryCollection.m; sourceTree = "<group>"; };
		117801531F05151C00B44D63 /* GMUGeometryContainer.h */ = {isa = PBXFileReference; fileEncoding = 4; lastKnownFileType = sourcecode.c.h; path = GMUGeometryContainer.h; sourceTree = "<group>"; };
		117801541F05151C00B44D63 /* GMUGroundOverlay.h */ = {isa = PBXFileReference; fileEncoding = 4; lastKnownFileType = sourcecode.c.h; path = GMUGroundOverlay.h; sourceTree = "<group>"; };
		117801551F05151C00B44D63 /* GMUGroundOverlay.m */ = {isa = PBXFileReference; fileEncoding = 4; lastKnownFileType = sourcecode.c.objc; path = GMUGroundOverlay.m; sourceTree = "<group>"; };
		117801561F05151C00B44D63 /* GMULineString.h */ = {isa = PBXFileReference; fileEncoding = 4; lastKnownFileType = sourcecode.c.h; path = GMULineString.h; sourceTree = "<group>"; };
		117801571F05151C00B44D63 /* GMULineString.m */ = {isa = PBXFileReference; fileEncoding = 4; lastKnownFileType = sourcecode.c.objc; path = GMULineString.m; sourceTree = "<group>"; };
		117801581F05151C00B44D63 /* GMUPlacemark.h */ = {isa = PBXFileReference; fileEncoding = 4; lastKnownFileType = sourcecode.c.h; path = GMUPlacemark.h; sourceTree = "<group>"; };
		117801591F05151C00B44D63 /* GMUPlacemark.m */ = {isa = PBXFileReference; fileEncoding = 4; lastKnownFileType = sourcecode.c.objc; path = GMUPlacemark.m; sourceTree = "<group>"; };
		1178015A1F05151C00B44D63 /* GMUPoint.h */ = {isa = PBXFileReference; fileEncoding = 4; lastKnownFileType = sourcecode.c.h; path = GMUPoint.h; sourceTree = "<group>"; };
		1178015B1F05151C00B44D63 /* GMUPoint.m */ = {isa = PBXFileReference; fileEncoding = 4; lastKnownFileType = sourcecode.c.objc; path = GMUPoint.m; sourceTree = "<group>"; };
		1178015C1F05151C00B44D63 /* GMUPolygon.h */ = {isa = PBXFileReference; fileEncoding = 4; lastKnownFileType = sourcecode.c.h; path = GMUPolygon.h; sourceTree = "<group>"; };
		1178015D1F05151C00B44D63 /* GMUPolygon.m */ = {isa = PBXFileReference; fileEncoding = 4; lastKnownFileType = sourcecode.c.objc; path = GMUPolygon.m; sourceTree = "<group>"; };
		1178015E1F05151C00B44D63 /* GMUStyle.h */ = {isa = PBXFileReference; fileEncoding = 4; lastKnownFileType = sourcecode.c.h; path = GMUStyle.h; sourceTree = "<group>"; };
		1178015F1F05151C00B44D63 /* GMUStyle.m */ = {isa = PBXFileReference; fileEncoding = 4; lastKnownFileType = sourcecode.c.objc; path = GMUStyle.m; sourceTree = "<group>"; };
		117801611F05151C00B44D63 /* GQTBounds.h */ = {isa = PBXFileReference; fileEncoding = 4; lastKnownFileType = sourcecode.c.h; path = GQTBounds.h; sourceTree = "<group>"; };
		117801621F05151C00B44D63 /* GQTPoint.h */ = {isa = PBXFileReference; fileEncoding = 4; lastKnownFileType = sourcecode.c.h; path = GQTPoint.h; sourceTree = "<group>"; };
		117801631F05151C00B44D63 /* GQTPointQuadTree.h */ = {isa = PBXFileReference; fileEncoding = 4; lastKnownFileType = sourcecode.c.h; path = GQTPointQuadTree.h; sourceTree = "<group>"; };
		117801641F05151C00B44D63 /* GQTPointQuadTree.m */ = {isa = PBXFileReference; fileEncoding = 4; lastKnownFileType = sourcecode.c.objc; path = GQTPointQuadTree.m; sourceTree = "<group>"; };
		117801651F05151C00B44D63 /* GQTPointQuadTreeChild.h */ = {isa = PBXFileReference; fileEncoding = 4; lastKnownFileType = sourcecode.c.h; path = GQTPointQuadTreeChild.h; sourceTree = "<group>"; };
		117801661F05151C00B44D63 /* GQTPointQuadTreeChild.m */ = {isa = PBXFileReference; fileEncoding = 4; lastKnownFileType = sourcecode.c.objc; path = GQTPointQuadTreeChild.m; sourceTree = "<group>"; };
		117801671F05151C00B44D63 /* GQTPointQuadTreeItem.h */ = {isa = PBXFileReference; fileEncoding = 4; lastKnownFileType = sourcecode.c.h; path = GQTPointQuadTreeItem.h; sourceTree = "<group>"; };
		1178017D1F05182600B44D63 /* Onderoad-Bridging-Header.h */ = {isa = PBXFileReference; lastKnownFileType = sourcecode.c.h; path = "Onderoad-Bridging-Header.h"; sourceTree = "<group>"; };
		1178017E1F0555FF00B44D63 /* RawProvinceDict.swift */ = {isa = PBXFileReference; fileEncoding = 4; lastKnownFileType = sourcecode.swift; path = RawProvinceDict.swift; sourceTree = "<group>"; };
		117801801F055CA900B44D63 /* RegionSpotDict.swift */ = {isa = PBXFileReference; fileEncoding = 4; lastKnownFileType = sourcecode.swift; path = RegionSpotDict.swift; sourceTree = "<group>"; };
		117820631F01749900F034D1 /* HomeViewController.swift */ = {isa = PBXFileReference; fileEncoding = 4; lastKnownFileType = sourcecode.swift; path = HomeViewController.swift; sourceTree = "<group>"; };
		117820651F01787C00F034D1 /* SpotViewController.swift */ = {isa = PBXFileReference; fileEncoding = 4; lastKnownFileType = sourcecode.swift; path = SpotViewController.swift; sourceTree = "<group>"; };
		1192225C1F0A874D0097D844 /* FirebaseAnalytics.framework */ = {isa = PBXFileReference; lastKnownFileType = wrapper.framework; path = FirebaseAnalytics.framework; sourceTree = "<group>"; };
		1192225D1F0A874D0097D844 /* FirebaseCore.framework */ = {isa = PBXFileReference; lastKnownFileType = wrapper.framework; path = FirebaseCore.framework; sourceTree = "<group>"; };
		1192225E1F0A874D0097D844 /* FirebaseCoreDiagnostics.framework */ = {isa = PBXFileReference; lastKnownFileType = wrapper.framework; path = FirebaseCoreDiagnostics.framework; sourceTree = "<group>"; };
		1192225F1F0A874D0097D844 /* FirebaseInstanceID.framework */ = {isa = PBXFileReference; lastKnownFileType = wrapper.framework; path = FirebaseInstanceID.framework; sourceTree = "<group>"; };
		119222601F0A874D0097D844 /* FirebaseNanoPB.framework */ = {isa = PBXFileReference; lastKnownFileType = wrapper.framework; path = FirebaseNanoPB.framework; sourceTree = "<group>"; };
		119222611F0A874D0097D844 /* GoogleToolboxForMac.framework */ = {isa = PBXFileReference; lastKnownFileType = wrapper.framework; path = GoogleToolboxForMac.framework; sourceTree = "<group>"; };
		119222681F0A87A20097D844 /* FirebaseAuth.framework */ = {isa = PBXFileReference; lastKnownFileType = wrapper.framework; path = FirebaseAuth.framework; sourceTree = "<group>"; };
		119222691F0A87A20097D844 /* GTMSessionFetcher.framework */ = {isa = PBXFileReference; lastKnownFileType = wrapper.framework; path = GTMSessionFetcher.framework; sourceTree = "<group>"; };
		1192226C1F0A886E0097D844 /* Firebase.h */ = {isa = PBXFileReference; fileEncoding = 4; lastKnownFileType = sourcecode.c.h; path = Firebase.h; sourceTree = "<group>"; };
		1192226D1F0A88C50097D844 /* module.modulemap */ = {isa = PBXFileReference; fileEncoding = 4; lastKnownFileType = "sourcecode.module-map"; path = module.modulemap; sourceTree = "<group>"; };
		1192226E1F0A8D460097D844 /* FBSDKLoginKit.framework */ = {isa = PBXFileReference; lastKnownFileType = wrapper.framework; name = FBSDKLoginKit.framework; path = Onderoad/FBSDKLoginKit.framework; sourceTree = "<group>"; };
		1192226F1F0A8D460097D844 /* FBSDKShareKit.framework */ = {isa = PBXFileReference; lastKnownFileType = wrapper.framework; name = FBSDKShareKit.framework; path = Onderoad/FBSDKShareKit.framework; sourceTree = "<group>"; };
		119222701F0A8D460097D844 /* Bolts.framework */ = {isa = PBXFileReference; lastKnownFileType = wrapper.framework; name = Bolts.framework; path = Onderoad/Bolts.framework; sourceTree = "<group>"; };
		119222711F0A8D460097D844 /* FBSDKCoreKit.framework */ = {isa = PBXFileReference; lastKnownFileType = wrapper.framework; name = FBSDKCoreKit.framework; path = Onderoad/FBSDKCoreKit.framework; sourceTree = "<group>"; };
		119222761F0A96990097D844 /* LoginViewController.swift */ = {isa = PBXFileReference; fileEncoding = 4; lastKnownFileType = sourcecode.swift; path = LoginViewController.swift; sourceTree = "<group>"; };
		119222781F0AA0220097D844 /* GoogleService-Info.plist */ = {isa = PBXFileReference; fileEncoding = 4; lastKnownFileType = text.plist.xml; path = "GoogleService-Info.plist"; sourceTree = "<group>"; };
		1192227A1F0ABDAB0097D844 /* Onderoad.entitlements */ = {isa = PBXFileReference; lastKnownFileType = text.plist.entitlements; path = Onderoad.entitlements; sourceTree = "<group>"; };
		11DA292A1EF5456F00C4D54D /* Onderoad.app */ = {isa = PBXFileReference; explicitFileType = wrapper.application; includeInIndex = 0; path = Onderoad.app; sourceTree = BUILT_PRODUCTS_DIR; };
		11DA292D1EF5456F00C4D54D /* AppDelegate.swift */ = {isa = PBXFileReference; lastKnownFileType = sourcecode.swift; path = AppDelegate.swift; sourceTree = "<group>"; };
		11DA29321EF5456F00C4D54D /* Base */ = {isa = PBXFileReference; lastKnownFileType = file.storyboard; name = Base; path = Base.lproj/Main.storyboard; sourceTree = "<group>"; };
		11DA29341EF5456F00C4D54D /* Assets.xcassets */ = {isa = PBXFileReference; lastKnownFileType = folder.assetcatalog; path = Assets.xcassets; sourceTree = "<group>"; };
		11DA29371EF5456F00C4D54D /* Base */ = {isa = PBXFileReference; lastKnownFileType = file.storyboard; name = Base; path = Base.lproj/LaunchScreen.storyboard; sourceTree = "<group>"; };
		11DA29391EF5456F00C4D54D /* Info.plist */ = {isa = PBXFileReference; lastKnownFileType = text.plist.xml; path = Info.plist; sourceTree = "<group>"; };
		11DA293E1EF5456F00C4D54D /* OnderoadTests.xctest */ = {isa = PBXFileReference; explicitFileType = wrapper.cfbundle; includeInIndex = 0; path = OnderoadTests.xctest; sourceTree = BUILT_PRODUCTS_DIR; };
		11DA29421EF5456F00C4D54D /* OnderoadTests.swift */ = {isa = PBXFileReference; lastKnownFileType = sourcecode.swift; path = OnderoadTests.swift; sourceTree = "<group>"; };
		11DA29441EF5456F00C4D54D /* Info.plist */ = {isa = PBXFileReference; lastKnownFileType = text.plist.xml; path = Info.plist; sourceTree = "<group>"; };
		11DA294D1EF5711300C4D54D /* MainViewController.swift */ = {isa = PBXFileReference; fileEncoding = 4; lastKnownFileType = sourcecode.swift; path = MainViewController.swift; sourceTree = "<group>"; };
		11DA294F1EF5741400C4D54D /* MyTravelViewController.swift */ = {isa = PBXFileReference; fileEncoding = 4; lastKnownFileType = sourcecode.swift; path = MyTravelViewController.swift; sourceTree = "<group>"; };
		11DA29511EF577B200C4D54D /* TravelDetailTableViewCell.swift */ = {isa = PBXFileReference; fileEncoding = 4; lastKnownFileType = sourcecode.swift; path = TravelDetailTableViewCell.swift; sourceTree = "<group>"; };
/* End PBXFileReference section */

/* Begin PBXFrameworksBuildPhase section */
		11DA29271EF5456F00C4D54D /* Frameworks */ = {
			isa = PBXFrameworksBuildPhase;
			buildActionMask = 2147483647;
			files = (
				116811021EF98AAD00561DE5 /* Accelerate.framework in Frameworks */,
				116811031EF98AAD00561DE5 /* CoreData.framework in Frameworks */,
				116811041EF98AAD00561DE5 /* CoreGraphics.framework in Frameworks */,
				116811051EF98AAD00561DE5 /* CoreLocation.framework in Frameworks */,
				116811061EF98AAD00561DE5 /* CoreText.framework in Frameworks */,
				116811071EF98AAD00561DE5 /* GLKit.framework in Frameworks */,
				116811081EF98AAD00561DE5 /* ImageIO.framework in Frameworks */,
				1192226A1F0A87A20097D844 /* FirebaseAuth.framework in Frameworks */,
				116811091EF98AAD00561DE5 /* libc++.tbd in Frameworks */,
				119222741F0A8D460097D844 /* Bolts.framework in Frameworks */,
				1168110A1EF98AAD00561DE5 /* libz.tbd in Frameworks */,
				1168110B1EF98AAD00561DE5 /* OpenGLES.framework in Frameworks */,
				119222721F0A8D460097D844 /* FBSDKLoginKit.framework in Frameworks */,
				1168110C1EF98AAD00561DE5 /* QuartzCore.framework in Frameworks */,
				119222621F0A874D0097D844 /* FirebaseAnalytics.framework in Frameworks */,
				1168110D1EF98AAD00561DE5 /* SystemConfiguration.framework in Frameworks */,
				1168110E1EF98AAD00561DE5 /* UIKit.framework in Frameworks */,
				116810EA1EF9898800561DE5 /* GoogleMaps.framework in Frameworks */,
				1192226B1F0A87A20097D844 /* GTMSessionFetcher.framework in Frameworks */,
				119222651F0A874D0097D844 /* FirebaseInstanceID.framework in Frameworks */,
				116810EB1EF9898800561DE5 /* GoogleMapsCore.framework in Frameworks */,
				119222631F0A874D0097D844 /* FirebaseCore.framework in Frameworks */,
				116810ED1EF9898800561DE5 /* GooglePlacePicker.framework in Frameworks */,
				119222661F0A874D0097D844 /* FirebaseNanoPB.framework in Frameworks */,
				119222641F0A874D0097D844 /* FirebaseCoreDiagnostics.framework in Frameworks */,
				119222751F0A8D460097D844 /* FBSDKCoreKit.framework in Frameworks */,
				119222731F0A8D460097D844 /* FBSDKShareKit.framework in Frameworks */,
				119222671F0A874D0097D844 /* GoogleToolboxForMac.framework in Frameworks */,
				116810E91EF9898800561DE5 /* GoogleMapsBase.framework in Frameworks */,
				116810EC1EF9898800561DE5 /* GooglePlaces.framework in Frameworks */,
			);
			runOnlyForDeploymentPostprocessing = 0;
		};
		11DA293B1EF5456F00C4D54D /* Frameworks */ = {
			isa = PBXFrameworksBuildPhase;
			buildActionMask = 2147483647;
			files = (
			);
			runOnlyForDeploymentPostprocessing = 0;
		};
/* End PBXFrameworksBuildPhase section */

/* Begin PBXGroup section */
		110817D01EF6DF7B00581BE0 /* model */ = {
			isa = PBXGroup;
			children = (
				1168110F1EF98E6200561DE5 /* AddressInfo.swift */,
				116811101EF98E6200561DE5 /* CarInfo.swift */,
				116811111EF98E6200561DE5 /* SpotInfo.swift */,
				116811121EF98E6200561DE5 /* SpotInfoTable.swift */,
				116811131EF98E6200561DE5 /* TravelInfo.swift */,
				116811141EF98E6200561DE5 /* User.swift */,
				1178017E1F0555FF00B44D63 /* RawProvinceDict.swift */,
				117801801F055CA900B44D63 /* RegionSpotDict.swift */,
			);
			path = model;
			sourceTree = "<group>";
		};
		116810F41EF98AAD00561DE5 /* Frameworks */ = {
			isa = PBXGroup;
			children = (
				1192226E1F0A8D460097D844 /* FBSDKLoginKit.framework */,
				1192226F1F0A8D460097D844 /* FBSDKShareKit.framework */,
				119222701F0A8D460097D844 /* Bolts.framework */,
				119222711F0A8D460097D844 /* FBSDKCoreKit.framework */,
				116810F51EF98AAD00561DE5 /* Accelerate.framework */,
				116810F61EF98AAD00561DE5 /* CoreData.framework */,
				116810F71EF98AAD00561DE5 /* CoreGraphics.framework */,
				116810F81EF98AAD00561DE5 /* CoreLocation.framework */,
				116810F91EF98AAD00561DE5 /* CoreText.framework */,
				116810FA1EF98AAD00561DE5 /* GLKit.framework */,
				116810FB1EF98AAD00561DE5 /* ImageIO.framework */,
				116810FC1EF98AAD00561DE5 /* libc++.tbd */,
				116810FD1EF98AAD00561DE5 /* libz.tbd */,
				116810FE1EF98AAD00561DE5 /* OpenGLES.framework */,
				116810FF1EF98AAD00561DE5 /* QuartzCore.framework */,
				116811001EF98AAD00561DE5 /* SystemConfiguration.framework */,
				116811011EF98AAD00561DE5 /* UIKit.framework */,
			);
			name = Frameworks;
			sourceTree = "<group>";
		};
		117801281F0514CA00B44D63 /* Google-Maps-iOS-Utils */ = {
			isa = PBXGroup;
			children = (
				117801291F05151C00B44D63 /* Clustering */,
				117801451F05151C00B44D63 /* Geometry */,
				117801601F05151C00B44D63 /* QuadTree */,
			);
			name = "Google-Maps-iOS-Utils";
			sourceTree = "<group>";
		};
		117801291F05151C00B44D63 /* Clustering */ = {
			isa = PBXGroup;
			children = (
				1178012A1F05151C00B44D63 /* Algo */,
				117801341F05151C00B44D63 /* GMUCluster.h */,
				117801351F05151C00B44D63 /* GMUClusterItem.h */,
				117801361F05151C00B44D63 /* GMUClusterManager+Testing.h */,
				117801371F05151C00B44D63 /* GMUClusterManager.h */,
				117801381F05151C00B44D63 /* GMUClusterManager.m */,
				117801391F05151C00B44D63 /* GMUMarkerClustering.h */,
				1178013A1F05151C00B44D63 /* GMUStaticCluster.h */,
				1178013B1F05151C00B44D63 /* GMUStaticCluster.m */,
				1178013C1F05151C00B44D63 /* View */,
			);
			path = Clustering;
			sourceTree = "<group>";
		};
		1178012A1F05151C00B44D63 /* Algo */ = {
			isa = PBXGroup;
			children = (
				1178012B1F05151C00B44D63 /* GMUClusterAlgorithm.h */,
				1178012C1F05151C00B44D63 /* GMUGridBasedClusterAlgorithm.h */,
				1178012D1F05151C00B44D63 /* GMUGridBasedClusterAlgorithm.m */,
				1178012E1F05151C00B44D63 /* GMUNonHierarchicalDistanceBasedAlgorithm.h */,
				1178012F1F05151C00B44D63 /* GMUNonHierarchicalDistanceBasedAlgorithm.m */,
				117801301F05151C00B44D63 /* GMUSimpleClusterAlgorithm.h */,
				117801311F05151C00B44D63 /* GMUSimpleClusterAlgorithm.m */,
				117801321F05151C00B44D63 /* GMUWrappingDictionaryKey.h */,
				117801331F05151C00B44D63 /* GMUWrappingDictionaryKey.m */,
			);
			path = Algo;
			sourceTree = "<group>";
		};
		1178013C1F05151C00B44D63 /* View */ = {
			isa = PBXGroup;
			children = (
				1178013D1F05151C00B44D63 /* GMUClusterIconGenerator.h */,
				1178013E1F05151C00B44D63 /* GMUClusterRenderer.h */,
				1178013F1F05151C00B44D63 /* GMUDefaultClusterIconGenerator+Testing.h */,
				117801401F05151C00B44D63 /* GMUDefaultClusterIconGenerator.h */,
				117801411F05151C00B44D63 /* GMUDefaultClusterIconGenerator.m */,
				117801421F05151C00B44D63 /* GMUDefaultClusterRenderer+Testing.h */,
				117801431F05151C00B44D63 /* GMUDefaultClusterRenderer.h */,
				117801441F05151C00B44D63 /* GMUDefaultClusterRenderer.m */,
			);
			path = View;
			sourceTree = "<group>";
		};
		117801451F05151C00B44D63 /* Geometry */ = {
			isa = PBXGroup;
			children = (
				117801461F05151C00B44D63 /* GMUGeoJSONParser.h */,
				117801471F05151C00B44D63 /* GMUGeoJSONParser.m */,
				117801481F05151C00B44D63 /* GMUGeometryRenderer+Testing.h */,
				117801491F05151C00B44D63 /* GMUGeometryRenderer.h */,
				1178014A1F05151C00B44D63 /* GMUGeometryRenderer.m */,
				1178014B1F05151C00B44D63 /* GMUKMLParser.h */,
				1178014C1F05151C00B44D63 /* GMUKMLParser.m */,
				1178014D1F05151C00B44D63 /* Model */,
			);
			path = Geometry;
			sourceTree = "<group>";
		};
		1178014D1F05151C00B44D63 /* Model */ = {
			isa = PBXGroup;
			children = (
				1178014E1F05151C00B44D63 /* GMUFeature.h */,
				1178014F1F05151C00B44D63 /* GMUFeature.m */,
				117801501F05151C00B44D63 /* GMUGeometry.h */,
				117801511F05151C00B44D63 /* GMUGeometryCollection.h */,
				117801521F05151C00B44D63 /* GMUGeometryCollection.m */,
				117801531F05151C00B44D63 /* GMUGeometryContainer.h */,
				117801541F05151C00B44D63 /* GMUGroundOverlay.h */,
				117801551F05151C00B44D63 /* GMUGroundOverlay.m */,
				117801561F05151C00B44D63 /* GMULineString.h */,
				117801571F05151C00B44D63 /* GMULineString.m */,
				117801581F05151C00B44D63 /* GMUPlacemark.h */,
				117801591F05151C00B44D63 /* GMUPlacemark.m */,
				1178015A1F05151C00B44D63 /* GMUPoint.h */,
				1178015B1F05151C00B44D63 /* GMUPoint.m */,
				1178015C1F05151C00B44D63 /* GMUPolygon.h */,
				1178015D1F05151C00B44D63 /* GMUPolygon.m */,
				1178015E1F05151C00B44D63 /* GMUStyle.h */,
				1178015F1F05151C00B44D63 /* GMUStyle.m */,
			);
			path = Model;
			sourceTree = "<group>";
		};
		117801601F05151C00B44D63 /* QuadTree */ = {
			isa = PBXGroup;
			children = (
				117801611F05151C00B44D63 /* GQTBounds.h */,
				117801621F05151C00B44D63 /* GQTPoint.h */,
				117801631F05151C00B44D63 /* GQTPointQuadTree.h */,
				117801641F05151C00B44D63 /* GQTPointQuadTree.m */,
				117801651F05151C00B44D63 /* GQTPointQuadTreeChild.h */,
				117801661F05151C00B44D63 /* GQTPointQuadTreeChild.m */,
				117801671F05151C00B44D63 /* GQTPointQuadTreeItem.h */,
			);
			path = QuadTree;
			sourceTree = "<group>";
		};
		11DA29211EF5456F00C4D54D = {
			isa = PBXGroup;
			children = (
				11DA292C1EF5456F00C4D54D /* Onderoad */,
				11DA29411EF5456F00C4D54D /* OnderoadTests */,
				11DA292B1EF5456F00C4D54D /* Products */,
				116810F41EF98AAD00561DE5 /* Frameworks */,
			);
			sourceTree = "<group>";
		};
		11DA292B1EF5456F00C4D54D /* Products */ = {
			isa = PBXGroup;
			children = (
				11DA292A1EF5456F00C4D54D /* Onderoad.app */,
				11DA293E1EF5456F00C4D54D /* OnderoadTests.xctest */,
			);
			name = Products;
			sourceTree = "<group>";
		};
		11DA292C1EF5456F00C4D54D /* Onderoad */ = {
			isa = PBXGroup;
			children = (
				1192227A1F0ABDAB0097D844 /* Onderoad.entitlements */,
				116810F01EF98A0500561DE5 /* GoogleMaps.bundle */,
				116810F21EF98A1800561DE5 /* GooglePlacePicker.bundle */,
				116810EE1EF989CF00561DE5 /* GooglePlaces.bundle */,
				1192225C1F0A874D0097D844 /* FirebaseAnalytics.framework */,
				119222681F0A87A20097D844 /* FirebaseAuth.framework */,
				1192225D1F0A874D0097D844 /* FirebaseCore.framework */,
				1192225E1F0A874D0097D844 /* FirebaseCoreDiagnostics.framework */,
				1192225F1F0A874D0097D844 /* FirebaseInstanceID.framework */,
				119222601F0A874D0097D844 /* FirebaseNanoPB.framework */,
				116810E51EF9898800561DE5 /* GoogleMaps.framework */,
				116810E41EF9898800561DE5 /* GoogleMapsBase.framework */,
				116810E61EF9898800561DE5 /* GoogleMapsCore.framework */,
				116810E81EF9898800561DE5 /* GooglePlacePicker.framework */,
				116810E71EF9898800561DE5 /* GooglePlaces.framework */,
				119222611F0A874D0097D844 /* GoogleToolboxForMac.framework */,
				119222691F0A87A20097D844 /* GTMSessionFetcher.framework */,
				1192226C1F0A886E0097D844 /* Firebase.h */,
				1178017D1F05182600B44D63 /* Onderoad-Bridging-Header.h */,
				1192226D1F0A88C50097D844 /* module.modulemap */,
				119222781F0AA0220097D844 /* GoogleService-Info.plist */,
				11DA29391EF5456F00C4D54D /* Info.plist */,
				11DA292D1EF5456F00C4D54D /* AppDelegate.swift */,
				11062BFC1EF822B500E78D9D /* CreateViewController.swift */,
				117820631F01749900F034D1 /* HomeViewController.swift */,
				119222761F0A96990097D844 /* LoginViewController.swift */,
				11DA294D1EF5711300C4D54D /* MainViewController.swift */,
				11DA294F1EF5741400C4D54D /* MyTravelViewController.swift */,
				1152A08F1EFD69C00005F28A /* PriceStepper.swift */,
				114ABE511F0970F400F3395B /* SpotInfoViewController.swift */,
				117820651F01787C00F034D1 /* SpotViewController.swift */,
				11DA29511EF577B200C4D54D /* TravelDetailTableViewCell.swift */,
				115A32351F0689CB003B1A78 /* TravelInfoViewController.swift */,
				11DA29341EF5456F00C4D54D /* Assets.xcassets */,
				117801281F0514CA00B44D63 /* Google-Maps-iOS-Utils */,
				11DA29361EF5456F00C4D54D /* LaunchScreen.storyboard */,
				11DA29311EF5456F00C4D54D /* Main.storyboard */,
				110817D01EF6DF7B00581BE0 /* model */,
			);
			path = Onderoad;
			sourceTree = "<group>";
		};
		11DA29411EF5456F00C4D54D /* OnderoadTests */ = {
			isa = PBXGroup;
			children = (
				11DA29421EF5456F00C4D54D /* OnderoadTests.swift */,
				11DA29441EF5456F00C4D54D /* Info.plist */,
			);
			path = OnderoadTests;
			sourceTree = "<group>";
		};
/* End PBXGroup section */

/* Begin PBXNativeTarget section */
		11DA29291EF5456F00C4D54D /* Onderoad */ = {
			isa = PBXNativeTarget;
			buildConfigurationList = 11DA29471EF5456F00C4D54D /* Build configuration list for PBXNativeTarget "Onderoad" */;
			buildPhases = (
				11DA29261EF5456F00C4D54D /* Sources */,
				11DA29271EF5456F00C4D54D /* Frameworks */,
				11DA29281EF5456F00C4D54D /* Resources */,
			);
			buildRules = (
			);
			dependencies = (
			);
			name = Onderoad;
			productName = Onderoad;
			productReference = 11DA292A1EF5456F00C4D54D /* Onderoad.app */;
			productType = "com.apple.product-type.application";
		};
		11DA293D1EF5456F00C4D54D /* OnderoadTests */ = {
			isa = PBXNativeTarget;
			buildConfigurationList = 11DA294A1EF5456F00C4D54D /* Build configuration list for PBXNativeTarget "OnderoadTests" */;
			buildPhases = (
				11DA293A1EF5456F00C4D54D /* Sources */,
				11DA293B1EF5456F00C4D54D /* Frameworks */,
				11DA293C1EF5456F00C4D54D /* Resources */,
			);
			buildRules = (
			);
			dependencies = (
				11DA29401EF5456F00C4D54D /* PBXTargetDependency */,
			);
			name = OnderoadTests;
			productName = OnderoadTests;
			productReference = 11DA293E1EF5456F00C4D54D /* OnderoadTests.xctest */;
			productType = "com.apple.product-type.bundle.unit-test";
		};
/* End PBXNativeTarget section */

/* Begin PBXProject section */
		11DA29221EF5456F00C4D54D /* Project object */ = {
			isa = PBXProject;
			attributes = {
				LastSwiftUpdateCheck = 0830;
				LastUpgradeCheck = 0830;
				ORGANIZATIONNAME = "Giuseppe Fabio Trentadue";
				TargetAttributes = {
					11DA29291EF5456F00C4D54D = {
						CreatedOnToolsVersion = 8.3.3;
						ProvisioningStyle = Automatic;
						SystemCapabilities = {
							com.apple.Keychain = {
								enabled = 1;
							};
						};
					};
					11DA293D1EF5456F00C4D54D = {
						CreatedOnToolsVersion = 8.3.3;
						ProvisioningStyle = Automatic;
						TestTargetID = 11DA29291EF5456F00C4D54D;
					};
				};
			};
			buildConfigurationList = 11DA29251EF5456F00C4D54D /* Build configuration list for PBXProject "Onderoad" */;
			compatibilityVersion = "Xcode 8.0";
			developmentRegion = English;
			hasScannedForEncodings = 0;
			knownRegions = (
				en,
				Base,
			);
			mainGroup = 11DA29211EF5456F00C4D54D;
			productRefGroup = 11DA292B1EF5456F00C4D54D /* Products */;
			projectDirPath = "";
			projectRoot = "";
			targets = (
				11DA29291EF5456F00C4D54D /* Onderoad */,
				11DA293D1EF5456F00C4D54D /* OnderoadTests */,
			);
		};
/* End PBXProject section */

/* Begin PBXResourcesBuildPhase section */
		11DA29281EF5456F00C4D54D /* Resources */ = {
			isa = PBXResourcesBuildPhase;
			buildActionMask = 2147483647;
			files = (
				116810F31EF98A1800561DE5 /* GooglePlacePicker.bundle in Resources */,
				116810EF1EF989CF00561DE5 /* GooglePlaces.bundle in Resources */,
				11DA29381EF5456F00C4D54D /* LaunchScreen.storyboard in Resources */,
				11DA29351EF5456F00C4D54D /* Assets.xcassets in Resources */,
				11DA29331EF5456F00C4D54D /* Main.storyboard in Resources */,
				116810F11EF98A0500561DE5 /* GoogleMaps.bundle in Resources */,
				119222791F0AA0220097D844 /* GoogleService-Info.plist in Resources */,
			);
			runOnlyForDeploymentPostprocessing = 0;
		};
		11DA293C1EF5456F00C4D54D /* Resources */ = {
			isa = PBXResourcesBuildPhase;
			buildActionMask = 2147483647;
			files = (
			);
			runOnlyForDeploymentPostprocessing = 0;
		};
/* End PBXResourcesBuildPhase section */

/* Begin PBXSourcesBuildPhase section */
		11DA29261EF5456F00C4D54D /* Sources */ = {
			isa = PBXSourcesBuildPhase;
			buildActionMask = 2147483647;
			files = (
				1178017F1F0555FF00B44D63 /* RawProvinceDict.swift in Sources */,
				1178017B1F05151C00B44D63 /* GQTPointQuadTree.m in Sources */,
				117801731F05151C00B44D63 /* GMUFeature.m in Sources */,
				11062BFD1EF822B500E78D9D /* CreateViewController.swift in Sources */,
				116811161EF98E6200561DE5 /* CarInfo.swift in Sources */,
				117801811F055CA900B44D63 /* RegionSpotDict.swift in Sources */,
				11DA29501EF5741400C4D54D /* MyTravelViewController.swift in Sources */,
				1152A0901EFD69C10005F28A /* PriceStepper.swift in Sources */,
				116811171EF98E6200561DE5 /* SpotInfo.swift in Sources */,
				1178016F1F05151C00B44D63 /* GMUDefaultClusterRenderer.m in Sources */,
				1178016C1F05151C00B44D63 /* GMUClusterManager.m in Sources */,
				116811181EF98E6200561DE5 /* SpotInfoTable.swift in Sources */,
				117820661F01787C00F034D1 /* SpotViewController.swift in Sources */,
				117801761F05151C00B44D63 /* GMULineString.m in Sources */,
				1178017A1F05151C00B44D63 /* GMUStyle.m in Sources */,
				117801721F05151C00B44D63 /* GMUKMLParser.m in Sources */,
				1178016D1F05151C00B44D63 /* GMUStaticCluster.m in Sources */,
				116811191EF98E6200561DE5 /* TravelInfo.swift in Sources */,
				11DA294E1EF5711300C4D54D /* MainViewController.swift in Sources */,
				1178016E1F05151C00B44D63 /* GMUDefaultClusterIconGenerator.m in Sources */,
				117801781F05151C00B44D63 /* GMUPoint.m in Sources */,
				117801691F05151C00B44D63 /* GMUNonHierarchicalDistanceBasedAlgorithm.m in Sources */,
				11DA29521EF577B200C4D54D /* TravelDetailTableViewCell.swift in Sources */,
				116811151EF98E6200561DE5 /* AddressInfo.swift in Sources */,
				11DA292E1EF5456F00C4D54D /* AppDelegate.swift in Sources */,
				114ABE521F0970F400F3395B /* SpotInfoViewController.swift in Sources */,
				117820641F01749900F034D1 /* HomeViewController.swift in Sources */,
				117801741F05151C00B44D63 /* GMUGeometryCollection.m in Sources */,
				119222771F0A96990097D844 /* LoginViewController.swift in Sources */,
				1178017C1F05151C00B44D63 /* GQTPointQuadTreeChild.m in Sources */,
				115A32361F0689CB003B1A78 /* TravelInfoViewController.swift in Sources */,
				117801681F05151C00B44D63 /* GMUGridBasedClusterAlgorithm.m in Sources */,
				117801791F05151C00B44D63 /* GMUPolygon.m in Sources */,
				1178016B1F05151C00B44D63 /* GMUWrappingDictionaryKey.m in Sources */,
				117801771F05151C00B44D63 /* GMUPlacemark.m in Sources */,
				117801711F05151C00B44D63 /* GMUGeometryRenderer.m in Sources */,
				1168111A1EF98E6200561DE5 /* User.swift in Sources */,
				1178016A1F05151C00B44D63 /* GMUSimpleClusterAlgorithm.m in Sources */,
				117801701F05151C00B44D63 /* GMUGeoJSONParser.m in Sources */,
				117801751F05151C00B44D63 /* GMUGroundOverlay.m in Sources */,
			);
			runOnlyForDeploymentPostprocessing = 0;
		};
		11DA293A1EF5456F00C4D54D /* Sources */ = {
			isa = PBXSourcesBuildPhase;
			buildActionMask = 2147483647;
			files = (
				11DA29431EF5456F00C4D54D /* OnderoadTests.swift in Sources */,
			);
			runOnlyForDeploymentPostprocessing = 0;
		};
/* End PBXSourcesBuildPhase section */

/* Begin PBXTargetDependency section */
		11DA29401EF5456F00C4D54D /* PBXTargetDependency */ = {
			isa = PBXTargetDependency;
			target = 11DA29291EF5456F00C4D54D /* Onderoad */;
			targetProxy = 11DA293F1EF5456F00C4D54D /* PBXContainerItemProxy */;
		};
/* End PBXTargetDependency section */

/* Begin PBXVariantGroup section */
		11DA29311EF5456F00C4D54D /* Main.storyboard */ = {
			isa = PBXVariantGroup;
			children = (
				11DA29321EF5456F00C4D54D /* Base */,
				11415E341EF9590000D24326 /* it */,
			);
			name = Main.storyboard;
			sourceTree = "<group>";
		};
		11DA29361EF5456F00C4D54D /* LaunchScreen.storyboard */ = {
			isa = PBXVariantGroup;
			children = (
				11DA29371EF5456F00C4D54D /* Base */,
				11415E351EF9590000D24326 /* it */,
			);
			name = LaunchScreen.storyboard;
			sourceTree = "<group>";
		};
/* End PBXVariantGroup section */

/* Begin XCBuildConfiguration section */
		116810D71EF979BB00561DE5 /* Debug */ = {
			isa = XCBuildConfiguration;
			buildSettings = {
				ALWAYS_SEARCH_USER_PATHS = NO;
				CLANG_ANALYZER_LOCALIZABILITY_NONLOCALIZED = YES;
				CLANG_ANALYZER_NONNULL = YES;
				CLANG_ANALYZER_NUMBER_OBJECT_CONVERSION = YES_AGGRESSIVE;
				CLANG_CXX_LANGUAGE_STANDARD = "gnu++0x";
				CLANG_CXX_LIBRARY = "libc++";
				CLANG_ENABLE_MODULES = YES;
				CLANG_ENABLE_OBJC_ARC = YES;
				CLANG_WARN_BOOL_CONVERSION = YES;
				CLANG_WARN_CONSTANT_CONVERSION = YES;
				CLANG_WARN_DIRECT_OBJC_ISA_USAGE = YES_ERROR;
				CLANG_WARN_DOCUMENTATION_COMMENTS = YES;
				CLANG_WARN_EMPTY_BODY = YES;
				CLANG_WARN_ENUM_CONVERSION = YES;
				CLANG_WARN_INFINITE_RECURSION = YES;
				CLANG_WARN_INT_CONVERSION = YES;
				CLANG_WARN_OBJC_ROOT_CLASS = YES_ERROR;
				CLANG_WARN_SUSPICIOUS_MOVE = YES;
				CLANG_WARN_UNREACHABLE_CODE = YES;
				CLANG_WARN__DUPLICATE_METHOD_MATCH = YES;
				"CODE_SIGN_IDENTITY[sdk=iphoneos*]" = "iPhone Developer";
				COPY_PHASE_STRIP = NO;
				DEBUG_INFORMATION_FORMAT = "dwarf-with-dsym";
				ENABLE_NS_ASSERTIONS = NO;
				ENABLE_STRICT_OBJC_MSGSEND = YES;
				GCC_C_LANGUAGE_STANDARD = gnu99;
				GCC_NO_COMMON_BLOCKS = YES;
				GCC_OPTIMIZATION_LEVEL = 0;
				GCC_WARN_64_TO_32_BIT_CONVERSION = YES;
				GCC_WARN_ABOUT_RETURN_TYPE = YES_ERROR;
				GCC_WARN_UNDECLARED_SELECTOR = YES;
				GCC_WARN_UNINITIALIZED_AUTOS = YES_AGGRESSIVE;
				GCC_WARN_UNUSED_FUNCTION = YES;
				GCC_WARN_UNUSED_VARIABLE = YES;
				IPHONEOS_DEPLOYMENT_TARGET = 10.3;
				MTL_ENABLE_DEBUG_INFO = NO;
				SDKROOT = iphoneos;
				SWIFT_OBJC_BRIDGING_HEADER = "Onderoad/Onderoad-Bridging-Header.h";
				SWIFT_OPTIMIZATION_LEVEL = "-Onone";
				VALIDATE_PRODUCT = YES;
			};
			name = Debug;
		};
		116810D81EF979BB00561DE5 /* Debug */ = {
			isa = XCBuildConfiguration;
			buildSettings = {
				ALWAYS_SEARCH_USER_PATHS = NO;
				ASSETCATALOG_COMPILER_APPICON_NAME = AppIcon;
				CODE_SIGN_ENTITLEMENTS = Onderoad/Onderoad.entitlements;
				DEVELOPMENT_TEAM = QZFEK3DRW9;
				FRAMEWORK_SEARCH_PATHS = (
					"$(inherited)",
					"$(PROJECT_DIR)/Onderoad",
				);
				INFOPLIST_FILE = Onderoad/Info.plist;
				LD_RUNPATH_SEARCH_PATHS = "$(inherited) @executable_path/Frameworks";
				OTHER_LDFLAGS = "-ObjC";
				"OTHER_LIBTOOLFLAGS[arch=*]" = "-ObjC";
				PRODUCT_BUNDLE_IDENTIFIER = com.unimi.mobidev.Onderoad;
				PRODUCT_NAME = "$(TARGET_NAME)";
				SWIFT_OBJC_BRIDGING_HEADER = "Onderoad/Onderoad-Bridging-Header.h";
				SWIFT_VERSION = 3.0;
				USER_HEADER_SEARCH_PATHS = module.modulemap;
			};
			name = Debug;
		};
		116810D91EF979BB00561DE5 /* Debug */ = {
			isa = XCBuildConfiguration;
			buildSettings = {
				ALWAYS_EMBED_SWIFT_STANDARD_LIBRARIES = YES;
				BUNDLE_LOADER = "$(TEST_HOST)";
				DEVELOPMENT_TEAM = QZFEK3DRW9;
				INFOPLIST_FILE = OnderoadTests/Info.plist;
				LD_RUNPATH_SEARCH_PATHS = "$(inherited) @executable_path/Frameworks @loader_path/Frameworks";
				PRODUCT_BUNDLE_IDENTIFIER = com.unimi.mobidev.onderoad.OnderoadTests;
				PRODUCT_NAME = "$(TARGET_NAME)";
				SWIFT_VERSION = 3.0;
				TEST_HOST = "$(BUILT_PRODUCTS_DIR)/Onderoad.app/Onderoad";
			};
			name = Debug;
		};
		11DA29461EF5456F00C4D54D /* Release */ = {
			isa = XCBuildConfiguration;
			buildSettings = {
				ALWAYS_SEARCH_USER_PATHS = NO;
				CLANG_ANALYZER_LOCALIZABILITY_NONLOCALIZED = YES;
				CLANG_ANALYZER_NONNULL = YES;
				CLANG_ANALYZER_NUMBER_OBJECT_CONVERSION = YES_AGGRESSIVE;
				CLANG_CXX_LANGUAGE_STANDARD = "gnu++0x";
				CLANG_CXX_LIBRARY = "libc++";
				CLANG_ENABLE_MODULES = YES;
				CLANG_ENABLE_OBJC_ARC = YES;
				CLANG_WARN_BOOL_CONVERSION = YES;
				CLANG_WARN_CONSTANT_CONVERSION = YES;
				CLANG_WARN_DIRECT_OBJC_ISA_USAGE = YES_ERROR;
				CLANG_WARN_DOCUMENTATION_COMMENTS = YES;
				CLANG_WARN_EMPTY_BODY = YES;
				CLANG_WARN_ENUM_CONVERSION = YES;
				CLANG_WARN_INFINITE_RECURSION = YES;
				CLANG_WARN_INT_CONVERSION = YES;
				CLANG_WARN_OBJC_ROOT_CLASS = YES_ERROR;
				CLANG_WARN_SUSPICIOUS_MOVE = YES;
				CLANG_WARN_UNREACHABLE_CODE = YES;
				CLANG_WARN__DUPLICATE_METHOD_MATCH = YES;
				"CODE_SIGN_IDENTITY[sdk=iphoneos*]" = "iPhone Developer";
				COPY_PHASE_STRIP = NO;
				DEBUG_INFORMATION_FORMAT = "dwarf-with-dsym";
				ENABLE_NS_ASSERTIONS = NO;
				ENABLE_STRICT_OBJC_MSGSEND = YES;
				GCC_C_LANGUAGE_STANDARD = gnu99;
				GCC_NO_COMMON_BLOCKS = YES;
				GCC_OPTIMIZATION_LEVEL = 0;
				GCC_WARN_64_TO_32_BIT_CONVERSION = YES;
				GCC_WARN_ABOUT_RETURN_TYPE = YES_ERROR;
				GCC_WARN_UNDECLARED_SELECTOR = YES;
				GCC_WARN_UNINITIALIZED_AUTOS = YES_AGGRESSIVE;
				GCC_WARN_UNUSED_FUNCTION = YES;
				GCC_WARN_UNUSED_VARIABLE = YES;
				IPHONEOS_DEPLOYMENT_TARGET = 10.3;
				MTL_ENABLE_DEBUG_INFO = NO;
				SDKROOT = iphoneos;
				SWIFT_OBJC_BRIDGING_HEADER = "Onderoad/Onderoad-Bridging-Header.h";
				SWIFT_OPTIMIZATION_LEVEL = "-Onone";
				VALIDATE_PRODUCT = YES;
			};
			name = Release;
		};
		11DA29491EF5456F00C4D54D /* Release */ = {
			isa = XCBuildConfiguration;
			buildSettings = {
				ALWAYS_SEARCH_USER_PATHS = NO;
				ASSETCATALOG_COMPILER_APPICON_NAME = AppIcon;
				CODE_SIGN_ENTITLEMENTS = Onderoad/Onderoad.entitlements;
				DEVELOPMENT_TEAM = QZFEK3DRW9;
				FRAMEWORK_SEARCH_PATHS = (
					"$(inherited)",
					"$(PROJECT_DIR)/Onderoad",
				);
				INFOPLIST_FILE = Onderoad/Info.plist;
				LD_RUNPATH_SEARCH_PATHS = "$(inherited) @executable_path/Frameworks";
				OTHER_LDFLAGS = "-ObjC";
				"OTHER_LIBTOOLFLAGS[arch=*]" = "-ObjC";
				PRODUCT_BUNDLE_IDENTIFIER = com.unimi.mobidev.Onderoad;
				PRODUCT_NAME = "$(TARGET_NAME)";
				SWIFT_OBJC_BRIDGING_HEADER = "Onderoad/Onderoad-Bridging-Header.h";
				SWIFT_VERSION = 3.0;
				USER_HEADER_SEARCH_PATHS = module.modulemap;
			};
			name = Release;
		};
		11DA294C1EF5456F00C4D54D /* Release */ = {
			isa = XCBuildConfiguration;
			buildSettings = {
				ALWAYS_EMBED_SWIFT_STANDARD_LIBRARIES = YES;
				BUNDLE_LOADER = "$(TEST_HOST)";
				DEVELOPMENT_TEAM = QZFEK3DRW9;
				INFOPLIST_FILE = OnderoadTests/Info.plist;
				LD_RUNPATH_SEARCH_PATHS = "$(inherited) @executable_path/Frameworks @loader_path/Frameworks";
				PRODUCT_BUNDLE_IDENTIFIER = com.unimi.mobidev.onderoad.OnderoadTests;
				PRODUCT_NAME = "$(TARGET_NAME)";
				SWIFT_VERSION = 3.0;
				TEST_HOST = "$(BUILT_PRODUCTS_DIR)/Onderoad.app/Onderoad";
			};
			name = Release;
		};
/* End XCBuildConfiguration section */

/* Begin XCConfigurationList section */
		11DA29251EF5456F00C4D54D /* Build configuration list for PBXProject "Onderoad" */ = {
			isa = XCConfigurationList;
			buildConfigurations = (
				11DA29461EF5456F00C4D54D /* Release */,
				116810D71EF979BB00561DE5 /* Debug */,
			);
			defaultConfigurationIsVisible = 0;
			defaultConfigurationName = Release;
		};
		11DA29471EF5456F00C4D54D /* Build configuration list for PBXNativeTarget "Onderoad" */ = {
			isa = XCConfigurationList;
			buildConfigurations = (
				11DA29491EF5456F00C4D54D /* Release */,
				116810D81EF979BB00561DE5 /* Debug */,
			);
			defaultConfigurationIsVisible = 0;
			defaultConfigurationName = Release;
		};
		11DA294A1EF5456F00C4D54D /* Build configuration list for PBXNativeTarget "OnderoadTests" */ = {
			isa = XCConfigurationList;
			buildConfigurations = (
				11DA294C1EF5456F00C4D54D /* Release */,
				116810D91EF979BB00561DE5 /* Debug */,
			);
			defaultConfigurationIsVisible = 0;
			defaultConfigurationName = Release;
		};
/* End XCConfigurationList section */
	};
	rootObject = 11DA29221EF5456F00C4D54D /* Project object */;
}
